{
  "nodes": {
    "gen-luarc": {
      "inputs": {
        "flake-parts": [
          "parts"
        ],
        "nixpkgs": [
          "nixpkgs"
        ]
      },
      "locked": {
        "lastModified": 1718922730,
        "narHash": "sha256-ykhhOPqA9NzdNBr3ii+3h2DkK2+wasNqQLfMF6BXxTE=",
        "owner": "mrcjkb",
        "repo": "nix-gen-luarc-json",
        "rev": "021e8078e43884c6cdc70ca753d9a0b146cd55a4",
        "type": "github"
      },
      "original": {
        "owner": "mrcjkb",
        "repo": "nix-gen-luarc-json",
        "type": "github"
      }
    },
    "nixpkgs": {
      "locked": {
        "lastModified": 1719658525,
        "narHash": "sha256-Yp4Bmp54HxppB2CqIWPk/QgG2hvg8mE8e1Lt3EH1SuA=",
        "owner": "nixos",
        "repo": "nixpkgs",
        "rev": "53a702e155d4d87cb908524ddb52db36aed98d03",
        "type": "github"
      },
      "original": {
        "owner": "nixos",
        "ref": "nixpkgs-unstable",
        "repo": "nixpkgs",
        "type": "github"
      }
    },
    "nixpkgs-emmy": {
      "locked": {
        "lastModified": 1719675406,
        "narHash": "sha256-bZgaUZikDI7ZS1EY0jjZnbcO4vNeSRhIekb17FyUMf0=",
        "owner": "NixOS",
        "repo": "nixpkgs",
        "rev": "2feb215c297f2c9ae272336f55d54a962d71a9ff",
        "type": "github"
      },
      "original": {
        "owner": "NixOS",
        "ref": "pull/323401/head",
        "repo": "nixpkgs",
        "type": "github"
      }
    },
    "parts": {
      "inputs": {
        "nixpkgs-lib": [
          "nixpkgs"
        ]
      },
      "locked": {
        "lastModified": 1719745305,
        "narHash": "sha256-xwgjVUpqSviudEkpQnioeez1Uo2wzrsMaJKJClh+Bls=",
        "owner": "hercules-ci",
        "repo": "flake-parts",
        "rev": "c3c5ecc05edc7dafba779c6c1a61cd08ac6583e9",
        "type": "github"
      },
      "original": {
        "owner": "hercules-ci",
        "repo": "flake-parts",
        "type": "github"
      }
    },
    "root": {
      "inputs": {
        "gen-luarc": "gen-luarc",
        "nixpkgs": "nixpkgs",
        "nixpkgs-emmy": "nixpkgs-emmy",
        "parts": "parts"
      }
    }
  },
  "root": "root",
  "version": 7
}
